
Microsoft Visual Studio Solution File, Format Version 12.00
# Visual Studio 15
VisualStudioVersion = 15.0.28307.438
MinimumVisualStudioVersion = 10.0.40219.1
Project("{FAE04EC0-301F-11D3-BF4B-00C04F79EFBC}") = "TestConfig", "TestConfig\TestConfig.csproj", "{76A9A202-D807-4866-BCD6-7F6CFD55373C}"
EndProject
Global
	GlobalSection(SolutionConfigurationPlatforms) = preSolution
		Debug|Any CPU = Debug|Any CPU
		Release|Any CPU = Release|Any CPU
	EndGlobalSection
	GlobalSection(ProjectConfigurationPlatforms) = postSolution
		{76A9A202-D807-4866-BCD6-7F6CFD55373C}.Debug|Any CPU.ActiveCfg = Debug|Any CPU
		{76A9A202-D807-4866-BCD6-7F6CFD55373C}.Debug|Any CPU.Build.0 = Debug|Any CPU
		{76A9A202-D807-4866-BCD6-7F6CFD55373C}.Release|Any CPU.ActiveCfg = Release|Any CPU
		{76A9A202-D807-4866-BCD6-7F6CFD55373C}.Release|Any CPU.Build.0 = Release|Any CPU
	EndGlobalSection
	GlobalSection(SolutionProperties) = preSolution
		HideSolutionNode = FALSE
	EndGlobalSection
	GlobalSection(ExtensibilityGlobals) = postSolution
		SolutionGuid = {46145B6D-4C2B-475D-B5C1-4114B447A864}
	EndGlobalSection
EndGlobal
